
Microsoft Visual Studio Solution File, Format Version 12.00
# Visual Studio Version 16
VisualStudioVersion = 16.0.29020.237
MinimumVisualStudioVersion = 10.0.40219.1
Project("{9A19103F-16F7-4668-BE54-9A1E7A4F7556}") = "LibraryReservationSystem", "LibraryReservationSystem\LibraryReservationSystem.csproj", "{0AAF8356-63A8-4F8C-8852-2DAFF41F41C8}"
EndProject
Project("{9A19103F-16F7-4668-BE54-9A1E7A4F7556}") = "LibraryEntities", "LibraryModels\LibraryEntities.csproj", "{E9E887C5-FB2B-4851-B18A-66738352CB7B}"
EndProject
Project("{9A19103F-16F7-4668-BE54-9A1E7A4F7556}") = "LibraryServices", "LibraryServices\LibraryServices.csproj", "{4992D6DD-0193-48BE-9C6D-A2817A5AD6ED}"
EndProject
Project("{9A19103F-16F7-4668-BE54-9A1E7A4F7556}") = "CommonUlities", "CommonUlities\CommonUlities.csproj", "{8925221B-3B11-4FB0-98B7-CA86A0EC8ED3}"
EndProject
Project("{9A19103F-16F7-4668-BE54-9A1E7A4F7556}") = "LibraryFramework", "LibraryFramework\LibraryFramework.csproj", "{A674F6CF-697F-4F55-811A-C704FB74068F}"
EndProject
Project("{FAE04EC0-301F-11D3-BF4B-00C04F79EFBC}") = "LibraryCore", "LibraryCore\LibraryCore.csproj", "{0157EAB8-F926-475A-81A6-7D356ED6AF32}"
EndProject
Global
	GlobalSection(SolutionConfigurationPlatforms) = preSolution
		Debug|Any CPU = Debug|Any CPU
		Debug|iPhone = Debug|iPhone
		Debug|iPhoneSimulator = Debug|iPhoneSimulator
		Release|Any CPU = Release|Any CPU
		Release|iPhone = Release|iPhone
		Release|iPhoneSimulator = Release|iPhoneSimulator
	EndGlobalSection
	GlobalSection(ProjectConfigurationPlatforms) = postSolution
		{0AAF8356-63A8-4F8C-8852-2DAFF41F41C8}.Debug|Any CPU.ActiveCfg = Debug|Any CPU
		{0AAF8356-63A8-4F8C-8852-2DAFF41F41C8}.Debug|Any CPU.Build.0 = Debug|Any CPU
		{0AAF8356-63A8-4F8C-8852-2DAFF41F41C8}.Debug|iPhone.ActiveCfg = Debug|Any CPU
		{0AAF8356-63A8-4F8C-8852-2DAFF41F41C8}.Debug|iPhone.Build.0 = Debug|Any CPU
		{0AAF8356-63A8-4F8C-8852-2DAFF41F41C8}.Debug|iPhoneSimulator.ActiveCfg = Debug|Any CPU
		{0AAF8356-63A8-4F8C-8852-2DAFF41F41C8}.Debug|iPhoneSimulator.Build.0 = Debug|Any CPU
		{0AAF8356-63A8-4F8C-8852-2DAFF41F41C8}.Release|Any CPU.ActiveCfg = Release|Any CPU
		{0AAF8356-63A8-4F8C-8852-2DAFF41F41C8}.Release|Any CPU.Build.0 = Release|Any CPU
		{0AAF8356-63A8-4F8C-8852-2DAFF41F41C8}.Release|iPhone.ActiveCfg = Release|Any CPU
		{0AAF8356-63A8-4F8C-8852-2DAFF41F41C8}.Release|iPhone.Build.0 = Release|Any CPU
		{0AAF8356-63A8-4F8C-8852-2DAFF41F41C8}.Release|iPhoneSimulator.ActiveCfg = Release|Any CPU
		{0AAF8356-63A8-4F8C-8852-2DAFF41F41C8}.Release|iPhoneSimulator.Build.0 = Release|Any CPU
		{E9E887C5-FB2B-4851-B18A-66738352CB7B}.Debug|Any CPU.ActiveCfg = Debug|Any CPU
		{E9E887C5-FB2B-4851-B18A-66738352CB7B}.Debug|Any CPU.Build.0 = Debug|Any CPU
		{E9E887C5-FB2B-4851-B18A-66738352CB7B}.Debug|iPhone.ActiveCfg = Debug|Any CPU
		{E9E887C5-FB2B-4851-B18A-66738352CB7B}.Debug|iPhone.Build.0 = Debug|Any CPU
		{E9E887C5-FB2B-4851-B18A-66738352CB7B}.Debug|iPhoneSimulator.ActiveCfg = Debug|Any CPU
		{E9E887C5-FB2B-4851-B18A-66738352CB7B}.Debug|iPhoneSimulator.Build.0 = Debug|Any CPU
		{E9E887C5-FB2B-4851-B18A-66738352CB7B}.Release|Any CPU.ActiveCfg = Release|Any CPU
		{E9E887C5-FB2B-4851-B18A-66738352CB7B}.Release|Any CPU.Build.0 = Release|Any CPU
		{E9E887C5-FB2B-4851-B18A-66738352CB7B}.Release|iPhone.ActiveCfg = Release|Any CPU
		{E9E887C5-FB2B-4851-B18A-66738352CB7B}.Release|iPhone.Build.0 = Release|Any CPU
		{E9E887C5-FB2B-4851-B18A-66738352CB7B}.Release|iPhoneSimulator.ActiveCfg = Release|Any CPU
		{E9E887C5-FB2B-4851-B18A-66738352CB7B}.Release|iPhoneSimulator.Build.0 = Release|Any CPU
		{4992D6DD-0193-48BE-9C6D-A2817A5AD6ED}.Debug|Any CPU.ActiveCfg = Debug|Any CPU
		{4992D6DD-0193-48BE-9C6D-A2817A5AD6ED}.Debug|Any CPU.Build.0 = Debug|Any CPU
		{4992D6DD-0193-48BE-9C6D-A2817A5AD6ED}.Debug|iPhone.ActiveCfg = Debug|Any CPU
		{4992D6DD-0193-48BE-9C6D-A2817A5AD6ED}.Debug|iPhone.Build.0 = Debug|Any CPU
		{4992D6DD-0193-48BE-9C6D-A2817A5AD6ED}.Debug|iPhoneSimulator.ActiveCfg = Debug|Any CPU
		{4992D6DD-0193-48BE-9C6D-A2817A5AD6ED}.Debug|iPhoneSimulator.Build.0 = Debug|Any CPU
		{4992D6DD-0193-48BE-9C6D-A2817A5AD6ED}.Release|Any CPU.ActiveCfg = Release|Any CPU
		{4992D6DD-0193-48BE-9C6D-A2817A5AD6ED}.Release|Any CPU.Build.0 = Release|Any CPU
		{4992D6DD-0193-48BE-9C6D-A2817A5AD6ED}.Release|iPhone.ActiveCfg = Release|Any CPU
		{4992D6DD-0193-48BE-9C6D-A2817A5AD6ED}.Release|iPhone.Build.0 = Release|Any CPU
		{4992D6DD-0193-48BE-9C6D-A2817A5AD6ED}.Release|iPhoneSimulator.ActiveCfg = Release|Any CPU
		{4992D6DD-0193-48BE-9C6D-A2817A5AD6ED}.Release|iPhoneSimulator.Build.0 = Release|Any CPU
		{8925221B-3B11-4FB0-98B7-CA86A0EC8ED3}.Debug|Any CPU.ActiveCfg = Debug|Any CPU
		{8925221B-3B11-4FB0-98B7-CA86A0EC8ED3}.Debug|Any CPU.Build.0 = Debug|Any CPU
		{8925221B-3B11-4FB0-98B7-CA86A0EC8ED3}.Debug|iPhone.ActiveCfg = Debug|Any CPU
		{8925221B-3B11-4FB0-98B7-CA86A0EC8ED3}.Debug|iPhone.Build.0 = Debug|Any CPU
		{8925221B-3B11-4FB0-98B7-CA86A0EC8ED3}.Debug|iPhoneSimulator.ActiveCfg = Debug|Any CPU
		{8925221B-3B11-4FB0-98B7-CA86A0EC8ED3}.Debug|iPhoneSimulator.Build.0 = Debug|Any CPU
		{8925221B-3B11-4FB0-98B7-CA86A0EC8ED3}.Release|Any CPU.ActiveCfg = Release|Any CPU
		{8925221B-3B11-4FB0-98B7-CA86A0EC8ED3}.Release|Any CPU.Build.0 = Release|Any CPU
		{8925221B-3B11-4FB0-98B7-CA86A0EC8ED3}.Release|iPhone.ActiveCfg = Release|Any CPU
		{8925221B-3B11-4FB0-98B7-CA86A0EC8ED3}.Release|iPhone.Build.0 = Release|Any CPU
		{8925221B-3B11-4FB0-98B7-CA86A0EC8ED3}.Release|iPhoneSimulator.ActiveCfg = Release|Any CPU
		{8925221B-3B11-4FB0-98B7-CA86A0EC8ED3}.Release|iPhoneSimulator.Build.0 = Release|Any CPU
		{A674F6CF-697F-4F55-811A-C704FB74068F}.Debug|Any CPU.ActiveCfg = Debug|Any CPU
		{A674F6CF-697F-4F55-811A-C704FB74068F}.Debug|Any CPU.Build.0 = Debug|Any CPU
		{A674F6CF-697F-4F55-811A-C704FB74068F}.Debug|iPhone.ActiveCfg = Debug|Any CPU
		{A674F6CF-697F-4F55-811A-C704FB74068F}.Debug|iPhone.Build.0 = Debug|Any CPU
		{A674F6CF-697F-4F55-811A-C704FB74068F}.Debug|iPhoneSimulator.ActiveCfg = Debug|Any CPU
		{A674F6CF-697F-4F55-811A-C704FB74068F}.Debug|iPhoneSimulator.Build.0 = Debug|Any CPU
		{A674F6CF-697F-4F55-811A-C704FB74068F}.Release|Any CPU.ActiveCfg = Release|Any CPU
		{A674F6CF-697F-4F55-811A-C704FB74068F}.Release|Any CPU.Build.0 = Release|Any CPU
		{A674F6CF-697F-4F55-811A-C704FB74068F}.Release|iPhone.ActiveCfg = Release|Any CPU
		{A674F6CF-697F-4F55-811A-C704FB74068F}.Release|iPhone.Build.0 = Release|Any CPU
		{A674F6CF-697F-4F55-811A-C704FB74068F}.Release|iPhoneSimulator.ActiveCfg = Release|Any CPU
		{A674F6CF-697F-4F55-811A-C704FB74068F}.Release|iPhoneSimulator.Build.0 = Release|Any CPU
		{0157EAB8-F926-475A-81A6-7D356ED6AF32}.Debug|Any CPU.ActiveCfg = Debug|Any CPU
		{0157EAB8-F926-475A-81A6-7D356ED6AF32}.Debug|Any CPU.Build.0 = Debug|Any CPU
		{0157EAB8-F926-475A-81A6-7D356ED6AF32}.Debug|iPhone.ActiveCfg = Debug|Any CPU
		{0157EAB8-F926-475A-81A6-7D356ED6AF32}.Debug|iPhone.Build.0 = Debug|Any CPU
		{0157EAB8-F926-475A-81A6-7D356ED6AF32}.Debug|iPhoneSimulator.ActiveCfg = Debug|Any CPU
		{0157EAB8-F926-475A-81A6-7D356ED6AF32}.Debug|iPhoneSimulator.Build.0 = Debug|Any CPU
		{0157EAB8-F926-475A-81A6-7D356ED6AF32}.Release|Any CPU.ActiveCfg = Release|Any CPU
		{0157EAB8-F926-475A-81A6-7D356ED6AF32}.Release|Any CPU.Build.0 = Release|Any CPU
		{0157EAB8-F926-475A-81A6-7D356ED6AF32}.Release|iPhone.ActiveCfg = Release|Any CPU
		{0157EAB8-F926-475A-81A6-7D356ED6AF32}.Release|iPhone.Build.0 = Release|Any CPU
		{0157EAB8-F926-475A-81A6-7D356ED6AF32}.Release|iPhoneSimulator.ActiveCfg = Release|Any CPU
		{0157EAB8-F926-475A-81A6-7D356ED6AF32}.Release|iPhoneSimulator.Build.0 = Release|Any CPU
	EndGlobalSection
	GlobalSection(SolutionProperties) = preSolution
		HideSolutionNode = FALSE
	EndGlobalSection
	GlobalSection(ExtensibilityGlobals) = postSolution
		SolutionGuid = {D438CA70-0444-4B53-A0BE-FF779ED917C7}
	EndGlobalSection
EndGlobal
